
Microsoft Visual Studio Solution File, Format Version 12.00
# Visual Studio 15
VisualStudioVersion = 15.0.28307.1231
MinimumVisualStudioVersion = 10.0.40219.1
Project("{FAE04EC0-301F-11D3-BF4B-00C04F79EFBC}") = "NavBar Tool", "NavBar Tool\NavBar Tool.csproj", "{CD1C76F8-D431-44DE-9273-E808C524030E}"
EndProject
Global
	GlobalSection(SolutionConfigurationPlatforms) = preSolution
		Debug|Any CPU = Debug|Any CPU
		Release|Any CPU = Release|Any CPU
	EndGlobalSection
	GlobalSection(ProjectConfigurationPlatforms) = postSolution
		{CD1C76F8-D431-44DE-9273-E808C524030E}.Debug|Any CPU.ActiveCfg = Debug|Any CPU
		{CD1C76F8-D431-44DE-9273-E808C524030E}.Debug|Any CPU.Build.0 = Debug|Any CPU
		{CD1C76F8-D431-44DE-9273-E808C524030E}.Release|Any CPU.ActiveCfg = Release|Any CPU
		{CD1C76F8-D431-44DE-9273-E808C524030E}.Release|Any CPU.Build.0 = Release|Any CPU
	EndGlobalSection
	GlobalSection(SolutionProperties) = preSolution
		HideSolutionNode = FALSE
	EndGlobalSection
	GlobalSection(ExtensibilityGlobals) = postSolution
		SolutionGuid = {20CB7ED8-5AAB-452C-896F-D4C78ACA75F9}
	EndGlobalSection
EndGlobal
